{
  "name": "paty-mundopet",
  "version": "1.0.0",
  "lockfileVersion": 3,
  "requires": true,
  "packages": {
    "": {
      "name": "paty-mundopet",
      "version": "1.0.0",
      "devDependencies": {
        "tailwindcss": "3.4.17"
      }
    },
    "node_modules/tailwindcss": {
      "version": "3.4.17",
      "resolved": "https://registry.npmjs.org/tailwindcss/-/tailwindcss-3.4.17.tgz",
      "dev": true,
      "license": "MIT",
      "bin": {
        "tailwind": "lib/cli.js",
        "tailwindcss": "lib/cli.js"
      }
    }
  }
}
